// !$*UTF8*$!
{
	archiveVersion = 1;
	classes = {
	};
	objectVersion = 55;
	objects = {

/* Begin PBXBuildFile section */
		9B3A6E742899DA7600188509 /* Date+Utils.swift in Sources */ = {isa = PBXBuildFile; fileRef = 9B3A6E732899DA7600188509 /* Date+Utils.swift */; };
		9B3A6E76289B27A400188509 /* AccountSummaryViewController+Networking.swift in Sources */ = {isa = PBXBuildFile; fileRef = 9B3A6E75289B27A400188509 /* AccountSummaryViewController+Networking.swift */; };
		9B56C080287FE6B20092257D /* OnboardingContainerViewController.swift in Sources */ = {isa = PBXBuildFile; fileRef = 9B56C07F287FE6B20092257D /* OnboardingContainerViewController.swift */; };
		9B56C082288006B40092257D /* OnboardingViewController.swift in Sources */ = {isa = PBXBuildFile; fileRef = 9B56C081288006B40092257D /* OnboardingViewController.swift */; };
		9B74E662287E7A8F00499668 /* AppDelegate.swift in Sources */ = {isa = PBXBuildFile; fileRef = 9B74E661287E7A8F00499668 /* AppDelegate.swift */; };
		9B74E666287E7A8F00499668 /* LoginViewController.swift in Sources */ = {isa = PBXBuildFile; fileRef = 9B74E665287E7A8F00499668 /* LoginViewController.swift */; };
		9B74E66B287E7A9100499668 /* Assets.xcassets in Resources */ = {isa = PBXBuildFile; fileRef = 9B74E66A287E7A9100499668 /* Assets.xcassets */; };
		9B74E66E287E7A9100499668 /* LaunchScreen.storyboard in Resources */ = {isa = PBXBuildFile; fileRef = 9B74E66C287E7A9100499668 /* LaunchScreen.storyboard */; };
		9B74E67A287E800200499668 /* LoginView.swift in Sources */ = {isa = PBXBuildFile; fileRef = 9B74E679287E800200499668 /* LoginView.swift */; };
		9B7C2428288634870079E21C /* TabBarViewController.swift in Sources */ = {isa = PBXBuildFile; fileRef = 9B7C2427288634870079E21C /* TabBarViewController.swift */; };
		9B7C242A28863B100079E21C /* ExPageViewController.swift in Sources */ = {isa = PBXBuildFile; fileRef = 9B7C242928863B100079E21C /* ExPageViewController.swift */; };
		9B7C242C288645BD0079E21C /* UIViewController+Utils.swift in Sources */ = {isa = PBXBuildFile; fileRef = 9B7C242B288645BD0079E21C /* UIViewController+Utils.swift */; };
		9B7C242E288647D60079E21C /* MainViewController.swift in Sources */ = {isa = PBXBuildFile; fileRef = 9B7C242D288647D60079E21C /* MainViewController.swift */; };
		9B7C243128866BDD0079E21C /* AccountSummaryViewController.swift in Sources */ = {isa = PBXBuildFile; fileRef = 9B7C243028866BDD0079E21C /* AccountSummaryViewController.swift */; };
		9B7C2435288678530079E21C /* AccountSummaryHeaderView.swift in Sources */ = {isa = PBXBuildFile; fileRef = 9B7C2434288678530079E21C /* AccountSummaryHeaderView.swift */; };
		9B848EE02887E01B006694F9 /* DecimalUtils.swift in Sources */ = {isa = PBXBuildFile; fileRef = 9B848EDF2887E01B006694F9 /* DecimalUtils.swift */; };
		9B848EE22887E0E9006694F9 /* CurencyFormatter.swift in Sources */ = {isa = PBXBuildFile; fileRef = 9B848EE12887E0E9006694F9 /* CurencyFormatter.swift */; };
		9B848EF12888D64F006694F9 /* CurrencyFormatterTests.swift in Sources */ = {isa = PBXBuildFile; fileRef = 9B848EF02888D64F006694F9 /* CurrencyFormatterTests.swift */; };
		9B848EF328890E99006694F9 /* NSNotificationName.swift in Sources */ = {isa = PBXBuildFile; fileRef = 9B848EF228890E99006694F9 /* NSNotificationName.swift */; };
		9B848EF528891231006694F9 /* UITextField+Utils.swift in Sources */ = {isa = PBXBuildFile; fileRef = 9B848EF428891231006694F9 /* UITextField+Utils.swift */; };
		9B848EF828893797006694F9 /* ShakeyBellView.swift in Sources */ = {isa = PBXBuildFile; fileRef = 9B848EF728893797006694F9 /* ShakeyBellView.swift */; };
		9BB10F3928867DBF001B7170 /* AccountSummaryHeaderView.xib in Resources */ = {isa = PBXBuildFile; fileRef = 9BB10F3828867DBF001B7170 /* AccountSummaryHeaderView.xib */; };
		9BE1555C288690FD00CF2FBA /* AccountSummaryTableViewCell.swift in Sources */ = {isa = PBXBuildFile; fileRef = 9BE1555A288690FD00CF2FBA /* AccountSummaryTableViewCell.swift */; };
		9BE5C5E328814222001A88CC /* DummyViewController.swift in Sources */ = {isa = PBXBuildFile; fileRef = 9BE5C5E228814222001A88CC /* DummyViewController.swift */; };
		9BE5C5E628815265001A88CC /* LocalState.swift in Sources */ = {isa = PBXBuildFile; fileRef = 9BE5C5E528815265001A88CC /* LocalState.swift */; };
		9BE5C5E928815951001A88CC /* NavigationControllerDemo.swift in Sources */ = {isa = PBXBuildFile; fileRef = 9BE5C5E828815951001A88CC /* NavigationControllerDemo.swift */; };
/* End PBXBuildFile section */

/* Begin PBXContainerItemProxy section */
		9B848EEB2888D515006694F9 /* PBXContainerItemProxy */ = {
			isa = PBXContainerItemProxy;
			containerPortal = 9B74E656287E7A8F00499668 /* Project object */;
			proxyType = 1;
			remoteGlobalIDString = 9B74E65D287E7A8F00499668;
			remoteInfo = Swift_Benkey;
		};
/* End PBXContainerItemProxy section */

/* Begin PBXFileReference section */
		9B3A6E732899DA7600188509 /* Date+Utils.swift */ = {isa = PBXFileReference; lastKnownFileType = sourcecode.swift; path = "Date+Utils.swift"; sourceTree = "<group>"; };
		9B3A6E75289B27A400188509 /* AccountSummaryViewController+Networking.swift */ = {isa = PBXFileReference; lastKnownFileType = sourcecode.swift; path = "AccountSummaryViewController+Networking.swift"; sourceTree = "<group>"; };
		9B56C07F287FE6B20092257D /* OnboardingContainerViewController.swift */ = {isa = PBXFileReference; lastKnownFileType = sourcecode.swift; path = OnboardingContainerViewController.swift; sourceTree = "<group>"; };
		9B56C081288006B40092257D /* OnboardingViewController.swift */ = {isa = PBXFileReference; lastKnownFileType = sourcecode.swift; path = OnboardingViewController.swift; sourceTree = "<group>"; };
		9B74E65E287E7A8F00499668 /* Swift_Benkey.app */ = {isa = PBXFileReference; explicitFileType = wrapper.application; includeInIndex = 0; path = Swift_Benkey.app; sourceTree = BUILT_PRODUCTS_DIR; };
		9B74E661287E7A8F00499668 /* AppDelegate.swift */ = {isa = PBXFileReference; lastKnownFileType = sourcecode.swift; path = AppDelegate.swift; sourceTree = "<group>"; };
		9B74E665287E7A8F00499668 /* LoginViewController.swift */ = {isa = PBXFileReference; lastKnownFileType = sourcecode.swift; path = LoginViewController.swift; sourceTree = "<group>"; };
		9B74E66A287E7A9100499668 /* Assets.xcassets */ = {isa = PBXFileReference; lastKnownFileType = folder.assetcatalog; path = Assets.xcassets; sourceTree = "<group>"; };
		9B74E66D287E7A9100499668 /* Base */ = {isa = PBXFileReference; lastKnownFileType = file.storyboard; name = Base; path = Base.lproj/LaunchScreen.storyboard; sourceTree = "<group>"; };
		9B74E66F287E7A9100499668 /* Info.plist */ = {isa = PBXFileReference; lastKnownFileType = text.plist.xml; path = Info.plist; sourceTree = "<group>"; };
		9B74E679287E800200499668 /* LoginView.swift */ = {isa = PBXFileReference; lastKnownFileType = sourcecode.swift; path = LoginView.swift; sourceTree = "<group>"; };
		9B7C2427288634870079E21C /* TabBarViewController.swift */ = {isa = PBXFileReference; lastKnownFileType = sourcecode.swift; path = TabBarViewController.swift; sourceTree = "<group>"; };
		9B7C242928863B100079E21C /* ExPageViewController.swift */ = {isa = PBXFileReference; lastKnownFileType = sourcecode.swift; path = ExPageViewController.swift; sourceTree = "<group>"; };
		9B7C242B288645BD0079E21C /* UIViewController+Utils.swift */ = {isa = PBXFileReference; lastKnownFileType = sourcecode.swift; path = "UIViewController+Utils.swift"; sourceTree = "<group>"; };
		9B7C242D288647D60079E21C /* MainViewController.swift */ = {isa = PBXFileReference; lastKnownFileType = sourcecode.swift; path = MainViewController.swift; sourceTree = "<group>"; };
		9B7C243028866BDD0079E21C /* AccountSummaryViewController.swift */ = {isa = PBXFileReference; lastKnownFileType = sourcecode.swift; path = AccountSummaryViewController.swift; sourceTree = "<group>"; };
		9B7C2434288678530079E21C /* AccountSummaryHeaderView.swift */ = {isa = PBXFileReference; lastKnownFileType = sourcecode.swift; path = AccountSummaryHeaderView.swift; sourceTree = "<group>"; };
		9B848EDF2887E01B006694F9 /* DecimalUtils.swift */ = {isa = PBXFileReference; lastKnownFileType = sourcecode.swift; path = DecimalUtils.swift; sourceTree = "<group>"; };
		9B848EE12887E0E9006694F9 /* CurencyFormatter.swift */ = {isa = PBXFileReference; lastKnownFileType = sourcecode.swift; path = CurencyFormatter.swift; sourceTree = "<group>"; };
		9B848EE72888D515006694F9 /* Swift_BenkeyUnitTests.xctest */ = {isa = PBXFileReference; explicitFileType = wrapper.cfbundle; includeInIndex = 0; path = Swift_BenkeyUnitTests.xctest; sourceTree = BUILT_PRODUCTS_DIR; };
		9B848EF02888D64F006694F9 /* CurrencyFormatterTests.swift */ = {isa = PBXFileReference; lastKnownFileType = sourcecode.swift; path = CurrencyFormatterTests.swift; sourceTree = "<group>"; };
		9B848EF228890E99006694F9 /* NSNotificationName.swift */ = {isa = PBXFileReference; lastKnownFileType = sourcecode.swift; path = NSNotificationName.swift; sourceTree = "<group>"; };
		9B848EF428891231006694F9 /* UITextField+Utils.swift */ = {isa = PBXFileReference; lastKnownFileType = sourcecode.swift; path = "UITextField+Utils.swift"; sourceTree = "<group>"; };
		9B848EF728893797006694F9 /* ShakeyBellView.swift */ = {isa = PBXFileReference; lastKnownFileType = sourcecode.swift; path = ShakeyBellView.swift; sourceTree = "<group>"; };
		9BB10F3828867DBF001B7170 /* AccountSummaryHeaderView.xib */ = {isa = PBXFileReference; lastKnownFileType = file.xib; path = AccountSummaryHeaderView.xib; sourceTree = "<group>"; };
		9BE1555A288690FD00CF2FBA /* AccountSummaryTableViewCell.swift */ = {isa = PBXFileReference; lastKnownFileType = sourcecode.swift; path = AccountSummaryTableViewCell.swift; sourceTree = "<group>"; };
		9BE5C5E228814222001A88CC /* DummyViewController.swift */ = {isa = PBXFileReference; lastKnownFileType = sourcecode.swift; path = DummyViewController.swift; sourceTree = "<group>"; };
		9BE5C5E528815265001A88CC /* LocalState.swift */ = {isa = PBXFileReference; lastKnownFileType = sourcecode.swift; path = LocalState.swift; sourceTree = "<group>"; };
		9BE5C5E828815951001A88CC /* NavigationControllerDemo.swift */ = {isa = PBXFileReference; lastKnownFileType = sourcecode.swift; path = NavigationControllerDemo.swift; sourceTree = "<group>"; };
/* End PBXFileReference section */

/* Begin PBXFrameworksBuildPhase section */
		9B74E65B287E7A8F00499668 /* Frameworks */ = {
			isa = PBXFrameworksBuildPhase;
			buildActionMask = 2147483647;
			files = (
			);
			runOnlyForDeploymentPostprocessing = 0;
		};
		9B848EE42888D515006694F9 /* Frameworks */ = {
			isa = PBXFrameworksBuildPhase;
			buildActionMask = 2147483647;
			files = (
			);
			runOnlyForDeploymentPostprocessing = 0;
		};
/* End PBXFrameworksBuildPhase section */

/* Begin PBXGroup section */
		9B56C07E287FE6770092257D /* Onboarding */ = {
			isa = PBXGroup;
			children = (
				9B56C07F287FE6B20092257D /* OnboardingContainerViewController.swift */,
				9B56C081288006B40092257D /* OnboardingViewController.swift */,
			);
			path = Onboarding;
			sourceTree = "<group>";
		};
		9B74E655287E7A8F00499668 = {
			isa = PBXGroup;
			children = (
				9B74E660287E7A8F00499668 /* Swift_Benkey */,
				9B848EE82888D515006694F9 /* Swift_BenkeyUnitTests */,
				9B74E65F287E7A8F00499668 /* Products */,
			);
			sourceTree = "<group>";
		};
		9B74E65F287E7A8F00499668 /* Products */ = {
			isa = PBXGroup;
			children = (
				9B74E65E287E7A8F00499668 /* Swift_Benkey.app */,
				9B848EE72888D515006694F9 /* Swift_BenkeyUnitTests.xctest */,
			);
			name = Products;
			sourceTree = "<group>";
		};
		9B74E660287E7A8F00499668 /* Swift_Benkey */ = {
			isa = PBXGroup;
			children = (
				9B848EF628893783006694F9 /* Components */,
				9B7C242F28866BB70079E21C /* AccountSummary */,
				9BE5C5E728815922001A88CC /* Container-ViewControllers */,
				9BE5C5E42881524E001A88CC /* Utils */,
				9B74E675287E7F1100499668 /* Files */,
				9B56C07E287FE6770092257D /* Onboarding */,
				9B74E676287E7F5600499668 /* Login */,
				9B74E661287E7A8F00499668 /* AppDelegate.swift */,
				9B7C242D288647D60079E21C /* MainViewController.swift */,
			);
			path = Swift_Benkey;
			sourceTree = "<group>";
		};
		9B74E675287E7F1100499668 /* Files */ = {
			isa = PBXGroup;
			children = (
				9B74E66F287E7A9100499668 /* Info.plist */,
				9B74E66A287E7A9100499668 /* Assets.xcassets */,
				9B74E66C287E7A9100499668 /* LaunchScreen.storyboard */,
			);
			path = Files;
			sourceTree = "<group>";
		};
		9B74E676287E7F5600499668 /* Login */ = {
			isa = PBXGroup;
			children = (
				9B74E665287E7A8F00499668 /* LoginViewController.swift */,
				9B74E679287E800200499668 /* LoginView.swift */,
				9BE5C5E228814222001A88CC /* DummyViewController.swift */,
			);
			path = Login;
			sourceTree = "<group>";
		};
		9B7C242F28866BB70079E21C /* AccountSummary */ = {
			isa = PBXGroup;
			children = (
				9B7C243028866BDD0079E21C /* AccountSummaryViewController.swift */,
				9BE1555728868FE400CF2FBA /* Cells */,
				9BE1555628868FDF00CF2FBA /* Header */,
				9B3A6E75289B27A400188509 /* AccountSummaryViewController+Networking.swift */,
			);
			path = AccountSummary;
			sourceTree = "<group>";
		};
		9B848EE82888D515006694F9 /* Swift_BenkeyUnitTests */ = {
			isa = PBXGroup;
			children = (
				9B848EF02888D64F006694F9 /* CurrencyFormatterTests.swift */,
			);
			path = Swift_BenkeyUnitTests;
			sourceTree = "<group>";
		};
		9B848EF628893783006694F9 /* Components */ = {
			isa = PBXGroup;
			children = (
				9B848EF728893797006694F9 /* ShakeyBellView.swift */,
			);
			path = Components;
			sourceTree = "<group>";
		};
		9BE1555628868FDF00CF2FBA /* Header */ = {
			isa = PBXGroup;
			children = (
				9B7C2434288678530079E21C /* AccountSummaryHeaderView.swift */,
				9BB10F3828867DBF001B7170 /* AccountSummaryHeaderView.xib */,
			);
			path = Header;
			sourceTree = "<group>";
		};
		9BE1555728868FE400CF2FBA /* Cells */ = {
			isa = PBXGroup;
			children = (
				9BE1555A288690FD00CF2FBA /* AccountSummaryTableViewCell.swift */,
			);
			path = Cells;
			sourceTree = "<group>";
		};
		9BE5C5E42881524E001A88CC /* Utils */ = {
			isa = PBXGroup;
			children = (
				9BE5C5E528815265001A88CC /* LocalState.swift */,
				9B7C242B288645BD0079E21C /* UIViewController+Utils.swift */,
				9B848EDF2887E01B006694F9 /* DecimalUtils.swift */,
				9B848EE12887E0E9006694F9 /* CurencyFormatter.swift */,
				9B848EF228890E99006694F9 /* NSNotificationName.swift */,
				9B848EF428891231006694F9 /* UITextField+Utils.swift */,
				9B3A6E732899DA7600188509 /* Date+Utils.swift */,
			);
			path = Utils;
			sourceTree = "<group>";
		};
		9BE5C5E728815922001A88CC /* Container-ViewControllers */ = {
			isa = PBXGroup;
			children = (
				9BE5C5E828815951001A88CC /* NavigationControllerDemo.swift */,
				9B7C2427288634870079E21C /* TabBarViewController.swift */,
				9B7C242928863B100079E21C /* ExPageViewController.swift */,
			);
			path = "Container-ViewControllers";
			sourceTree = "<group>";
		};
/* End PBXGroup section */

/* Begin PBXNativeTarget section */
		9B74E65D287E7A8F00499668 /* Swift_Benkey */ = {
			isa = PBXNativeTarget;
			buildConfigurationList = 9B74E672287E7A9100499668 /* Build configuration list for PBXNativeTarget "Swift_Benkey" */;
			buildPhases = (
				9B74E65A287E7A8F00499668 /* Sources */,
				9B74E65B287E7A8F00499668 /* Frameworks */,
				9B74E65C287E7A8F00499668 /* Resources */,
			);
			buildRules = (
			);
			dependencies = (
			);
			name = Swift_Benkey;
			productName = Swift_Benkey;
			productReference = 9B74E65E287E7A8F00499668 /* Swift_Benkey.app */;
			productType = "com.apple.product-type.application";
		};
		9B848EE62888D515006694F9 /* Swift_BenkeyUnitTests */ = {
			isa = PBXNativeTarget;
			buildConfigurationList = 9B848EEF2888D515006694F9 /* Build configuration list for PBXNativeTarget "Swift_BenkeyUnitTests" */;
			buildPhases = (
				9B848EE32888D515006694F9 /* Sources */,
				9B848EE42888D515006694F9 /* Frameworks */,
				9B848EE52888D515006694F9 /* Resources */,
			);
			buildRules = (
			);
			dependencies = (
				9B848EEC2888D515006694F9 /* PBXTargetDependency */,
			);
			name = Swift_BenkeyUnitTests;
			productName = Swift_BenkeyUnitTests;
			productReference = 9B848EE72888D515006694F9 /* Swift_BenkeyUnitTests.xctest */;
			productType = "com.apple.product-type.bundle.unit-test";
		};
/* End PBXNativeTarget section */

/* Begin PBXProject section */
		9B74E656287E7A8F00499668 /* Project object */ = {
			isa = PBXProject;
			attributes = {
				BuildIndependentTargetsInParallel = 1;
				LastSwiftUpdateCheck = 1340;
				LastUpgradeCheck = 1340;
				TargetAttributes = {
					9B74E65D287E7A8F00499668 = {
						CreatedOnToolsVersion = 13.4.1;
					};
					9B848EE62888D515006694F9 = {
						CreatedOnToolsVersion = 13.4.1;
						TestTargetID = 9B74E65D287E7A8F00499668;
					};
				};
			};
			buildConfigurationList = 9B74E659287E7A8F00499668 /* Build configuration list for PBXProject "Swift_Benkey" */;
			compatibilityVersion = "Xcode 13.0";
			developmentRegion = en;
			hasScannedForEncodings = 0;
			knownRegions = (
				en,
				Base,
			);
			mainGroup = 9B74E655287E7A8F00499668;
			productRefGroup = 9B74E65F287E7A8F00499668 /* Products */;
			projectDirPath = "";
			projectRoot = "";
			targets = (
				9B74E65D287E7A8F00499668 /* Swift_Benkey */,
				9B848EE62888D515006694F9 /* Swift_BenkeyUnitTests */,
			);
		};
/* End PBXProject section */

/* Begin PBXResourcesBuildPhase section */
		9B74E65C287E7A8F00499668 /* Resources */ = {
			isa = PBXResourcesBuildPhase;
			buildActionMask = 2147483647;
			files = (
				9BB10F3928867DBF001B7170 /* AccountSummaryHeaderView.xib in Resources */,
				9B74E66E287E7A9100499668 /* LaunchScreen.storyboard in Resources */,
				9B74E66B287E7A9100499668 /* Assets.xcassets in Resources */,
			);
			runOnlyForDeploymentPostprocessing = 0;
		};
		9B848EE52888D515006694F9 /* Resources */ = {
			isa = PBXResourcesBuildPhase;
			buildActionMask = 2147483647;
			files = (
			);
			runOnlyForDeploymentPostprocessing = 0;
		};
/* End PBXResourcesBuildPhase section */

/* Begin PBXSourcesBuildPhase section */
		9B74E65A287E7A8F00499668 /* Sources */ = {
			isa = PBXSourcesBuildPhase;
			buildActionMask = 2147483647;
			files = (
				9B848EF528891231006694F9 /* UITextField+Utils.swift in Sources */,
				9B74E67A287E800200499668 /* LoginView.swift in Sources */,
				9BE1555C288690FD00CF2FBA /* AccountSummaryTableViewCell.swift in Sources */,
				9BE5C5E628815265001A88CC /* LocalState.swift in Sources */,
				9BE5C5E928815951001A88CC /* NavigationControllerDemo.swift in Sources */,
				9B7C242E288647D60079E21C /* MainViewController.swift in Sources */,
				9B848EE22887E0E9006694F9 /* CurencyFormatter.swift in Sources */,
				9B7C243128866BDD0079E21C /* AccountSummaryViewController.swift in Sources */,
				9BE5C5E328814222001A88CC /* DummyViewController.swift in Sources */,
				9B7C2428288634870079E21C /* TabBarViewController.swift in Sources */,
				9B74E666287E7A8F00499668 /* LoginViewController.swift in Sources */,
				9B7C242C288645BD0079E21C /* UIViewController+Utils.swift in Sources */,
				9B7C242A28863B100079E21C /* ExPageViewController.swift in Sources */,
				9B7C2435288678530079E21C /* AccountSummaryHeaderView.swift in Sources */,
				9B56C082288006B40092257D /* OnboardingViewController.swift in Sources */,
				9B848EE02887E01B006694F9 /* DecimalUtils.swift in Sources */,
				9B74E662287E7A8F00499668 /* AppDelegate.swift in Sources */,
				9B3A6E76289B27A400188509 /* AccountSummaryViewController+Networking.swift in Sources */,
				9B848EF328890E99006694F9 /* NSNotificationName.swift in Sources */,
				9B848EF828893797006694F9 /* ShakeyBellView.swift in Sources */,
				9B3A6E742899DA7600188509 /* Date+Utils.swift in Sources */,
				9B56C080287FE6B20092257D /* OnboardingContainerViewController.swift in Sources */,
			);
			runOnlyForDeploymentPostprocessing = 0;
		};
		9B848EE32888D515006694F9 /* Sources */ = {
			isa = PBXSourcesBuildPhase;
			buildActionMask = 2147483647;
			files = (
				9B848EF12888D64F006694F9 /* CurrencyFormatterTests.swift in Sources */,
			);
			runOnlyForDeploymentPostprocessing = 0;
		};
/* End PBXSourcesBuildPhase section */

/* Begin PBXTargetDependency section */
		9B848EEC2888D515006694F9 /* PBXTargetDependency */ = {
			isa = PBXTargetDependency;
			target = 9B74E65D287E7A8F00499668 /* Swift_Benkey */;
			targetProxy = 9B848EEB2888D515006694F9 /* PBXContainerItemProxy */;
		};
/* End PBXTargetDependency section */

/* Begin PBXVariantGroup section */
		9B74E66C287E7A9100499668 /* LaunchScreen.storyboard */ = {
			isa = PBXVariantGroup;
			children = (
				9B74E66D287E7A9100499668 /* Base */,
			);
			name = LaunchScreen.storyboard;
			sourceTree = "<group>";
		};
/* End PBXVariantGroup section */

/* Begin XCBuildConfiguration section */
		9B74E670287E7A9100499668 /* Debug */ = {
			isa = XCBuildConfiguration;
			buildSettings = {
				ALWAYS_SEARCH_USER_PATHS = NO;
				CLANG_ANALYZER_NONNULL = YES;
				CLANG_ANALYZER_NUMBER_OBJECT_CONVERSION = YES_AGGRESSIVE;
				CLANG_CXX_LANGUAGE_STANDARD = "gnu++17";
				CLANG_ENABLE_MODULES = YES;
				CLANG_ENABLE_OBJC_ARC = YES;
				CLANG_ENABLE_OBJC_WEAK = YES;
				CLANG_WARN_BLOCK_CAPTURE_AUTORELEASING = YES;
				CLANG_WARN_BOOL_CONVERSION = YES;
				CLANG_WARN_COMMA = YES;
				CLANG_WARN_CONSTANT_CONVERSION = YES;
				CLANG_WARN_DEPRECATED_OBJC_IMPLEMENTATIONS = YES;
				CLANG_WARN_DIRECT_OBJC_ISA_USAGE = YES_ERROR;
				CLANG_WARN_DOCUMENTATION_COMMENTS = YES;
				CLANG_WARN_EMPTY_BODY = YES;
				CLANG_WARN_ENUM_CONVERSION = YES;
				CLANG_WARN_INFINITE_RECURSION = YES;
				CLANG_WARN_INT_CONVERSION = YES;
				CLANG_WARN_NON_LITERAL_NULL_CONVERSION = YES;
				CLANG_WARN_OBJC_IMPLICIT_RETAIN_SELF = YES;
				CLANG_WARN_OBJC_LITERAL_CONVERSION = YES;
				CLANG_WARN_OBJC_ROOT_CLASS = YES_ERROR;
				CLANG_WARN_QUOTED_INCLUDE_IN_FRAMEWORK_HEADER = YES;
				CLANG_WARN_RANGE_LOOP_ANALYSIS = YES;
				CLANG_WARN_STRICT_PROTOTYPES = YES;
				CLANG_WARN_SUSPICIOUS_MOVE = YES;
				CLANG_WARN_UNGUARDED_AVAILABILITY = YES_AGGRESSIVE;
				CLANG_WARN_UNREACHABLE_CODE = YES;
				CLANG_WARN__DUPLICATE_METHOD_MATCH = YES;
				COPY_PHASE_STRIP = NO;
				DEBUG_INFORMATION_FORMAT = dwarf;
				ENABLE_STRICT_OBJC_MSGSEND = YES;
				ENABLE_TESTABILITY = YES;
				GCC_C_LANGUAGE_STANDARD = gnu11;
				GCC_DYNAMIC_NO_PIC = NO;
				GCC_NO_COMMON_BLOCKS = YES;
				GCC_OPTIMIZATION_LEVEL = 0;
				GCC_PREPROCESSOR_DEFINITIONS = (
					"DEBUG=1",
					"$(inherited)",
				);
				GCC_WARN_64_TO_32_BIT_CONVERSION = YES;
				GCC_WARN_ABOUT_RETURN_TYPE = YES_ERROR;
				GCC_WARN_UNDECLARED_SELECTOR = YES;
				GCC_WARN_UNINITIALIZED_AUTOS = YES_AGGRESSIVE;
				GCC_WARN_UNUSED_FUNCTION = YES;
				GCC_WARN_UNUSED_VARIABLE = YES;
				IPHONEOS_DEPLOYMENT_TARGET = 15.5;
				MTL_ENABLE_DEBUG_INFO = INCLUDE_SOURCE;
				MTL_FAST_MATH = YES;
				ONLY_ACTIVE_ARCH = YES;
				SDKROOT = iphoneos;
				SWIFT_ACTIVE_COMPILATION_CONDITIONS = DEBUG;
				SWIFT_OPTIMIZATION_LEVEL = "-Onone";
			};
			name = Debug;
		};
		9B74E671287E7A9100499668 /* Release */ = {
			isa = XCBuildConfiguration;
			buildSettings = {
				ALWAYS_SEARCH_USER_PATHS = NO;
				CLANG_ANALYZER_NONNULL = YES;
				CLANG_ANALYZER_NUMBER_OBJECT_CONVERSION = YES_AGGRESSIVE;
				CLANG_CXX_LANGUAGE_STANDARD = "gnu++17";
				CLANG_ENABLE_MODULES = YES;
				CLANG_ENABLE_OBJC_ARC = YES;
				CLANG_ENABLE_OBJC_WEAK = YES;
				CLANG_WARN_BLOCK_CAPTURE_AUTORELEASING = YES;
				CLANG_WARN_BOOL_CONVERSION = YES;
				CLANG_WARN_COMMA = YES;
				CLANG_WARN_CONSTANT_CONVERSION = YES;
				CLANG_WARN_DEPRECATED_OBJC_IMPLEMENTATIONS = YES;
				CLANG_WARN_DIRECT_OBJC_ISA_USAGE = YES_ERROR;
				CLANG_WARN_DOCUMENTATION_COMMENTS = YES;
				CLANG_WARN_EMPTY_BODY = YES;
				CLANG_WARN_ENUM_CONVERSION = YES;
				CLANG_WARN_INFINITE_RECURSION = YES;
				CLANG_WARN_INT_CONVERSION = YES;
				CLANG_WARN_NON_LITERAL_NULL_CONVERSION = YES;
				CLANG_WARN_OBJC_IMPLICIT_RETAIN_SELF = YES;
				CLANG_WARN_OBJC_LITERAL_CONVERSION = YES;
				CLANG_WARN_OBJC_ROOT_CLASS = YES_ERROR;
				CLANG_WARN_QUOTED_INCLUDE_IN_FRAMEWORK_HEADER = YES;
				CLANG_WARN_RANGE_LOOP_ANALYSIS = YES;
				CLANG_WARN_STRICT_PROTOTYPES = YES;
				CLANG_WARN_SUSPICIOUS_MOVE = YES;
				CLANG_WARN_UNGUARDED_AVAILABILITY = YES_AGGRESSIVE;
				CLANG_WARN_UNREACHABLE_CODE = YES;
				CLANG_WARN__DUPLICATE_METHOD_MATCH = YES;
				COPY_PHASE_STRIP = NO;
				DEBUG_INFORMATION_FORMAT = "dwarf-with-dsym";
				ENABLE_NS_ASSERTIONS = NO;
				ENABLE_STRICT_OBJC_MSGSEND = YES;
				GCC_C_LANGUAGE_STANDARD = gnu11;
				GCC_NO_COMMON_BLOCKS = YES;
				GCC_WARN_64_TO_32_BIT_CONVERSION = YES;
				GCC_WARN_ABOUT_RETURN_TYPE = YES_ERROR;
				GCC_WARN_UNDECLARED_SELECTOR = YES;
				GCC_WARN_UNINITIALIZED_AUTOS = YES_AGGRESSIVE;
				GCC_WARN_UNUSED_FUNCTION = YES;
				GCC_WARN_UNUSED_VARIABLE = YES;
				IPHONEOS_DEPLOYMENT_TARGET = 15.5;
				MTL_ENABLE_DEBUG_INFO = NO;
				MTL_FAST_MATH = YES;
				SDKROOT = iphoneos;
				SWIFT_COMPILATION_MODE = wholemodule;
				SWIFT_OPTIMIZATION_LEVEL = "-O";
				VALIDATE_PRODUCT = YES;
			};
			name = Release;
		};
		9B74E673287E7A9100499668 /* Debug */ = {
			isa = XCBuildConfiguration;
			buildSettings = {
				ASSETCATALOG_COMPILER_APPICON_NAME = AppIcon;
				ASSETCATALOG_COMPILER_GLOBAL_ACCENT_COLOR_NAME = AccentColor;
				CODE_SIGN_STYLE = Automatic;
				CURRENT_PROJECT_VERSION = 1;
				DEVELOPMENT_TEAM = JUG5Q2JKZC;
				GENERATE_INFOPLIST_FILE = YES;
				INFOPLIST_FILE = Swift_Benkey/Files/Info.plist;
				INFOPLIST_KEY_UIApplicationSupportsIndirectInputEvents = YES;
				INFOPLIST_KEY_UILaunchStoryboardName = LaunchScreen;
				INFOPLIST_KEY_UISupportedInterfaceOrientations_iPad = "UIInterfaceOrientationPortrait UIInterfaceOrientationPortraitUpsideDown UIInterfaceOrientationLandscapeLeft UIInterfaceOrientationLandscapeRight";
				INFOPLIST_KEY_UISupportedInterfaceOrientations_iPhone = "UIInterfaceOrientationPortrait UIInterfaceOrientationLandscapeLeft UIInterfaceOrientationLandscapeRight";
				LD_RUNPATH_SEARCH_PATHS = (
					"$(inherited)",
					"@executable_path/Frameworks",
				);
				MARKETING_VERSION = 1.0;
				PRODUCT_BUNDLE_IDENTIFIER = "com.app.swift.Swift-Benkey";
				PRODUCT_NAME = "$(TARGET_NAME)";
				SWIFT_EMIT_LOC_STRINGS = YES;
				SWIFT_VERSION = 5.0;
				TARGETED_DEVICE_FAMILY = "1,2";
			};
			name = Debug;
		};
		9B74E674287E7A9100499668 /* Release */ = {
			isa = XCBuildConfiguration;
			buildSettings = {
				ASSETCATALOG_COMPILER_APPICON_NAME = AppIcon;
				ASSETCATALOG_COMPILER_GLOBAL_ACCENT_COLOR_NAME = AccentColor;
				CODE_SIGN_STYLE = Automatic;
				CURRENT_PROJECT_VERSION = 1;
				DEVELOPMENT_TEAM = JUG5Q2JKZC;
				GENERATE_INFOPLIST_FILE = YES;
				INFOPLIST_FILE = Swift_Benkey/Files/Info.plist;
				INFOPLIST_KEY_UIApplicationSupportsIndirectInputEvents = YES;
				INFOPLIST_KEY_UILaunchStoryboardName = LaunchScreen;
				INFOPLIST_KEY_UISupportedInterfaceOrientations_iPad = "UIInterfaceOrientationPortrait UIInterfaceOrientationPortraitUpsideDown UIInterfaceOrientationLandscapeLeft UIInterfaceOrientationLandscapeRight";
				INFOPLIST_KEY_UISupportedInterfaceOrientations_iPhone = "UIInterfaceOrientationPortrait UIInterfaceOrientationLandscapeLeft UIInterfaceOrientationLandscapeRight";
				LD_RUNPATH_SEARCH_PATHS = (
					"$(inherited)",
					"@executable_path/Frameworks",
				);
				MARKETING_VERSION = 1.0;
				PRODUCT_BUNDLE_IDENTIFIER = "com.app.swift.Swift-Benkey";
				PRODUCT_NAME = "$(TARGET_NAME)";
				SWIFT_EMIT_LOC_STRINGS = YES;
				SWIFT_VERSION = 5.0;
				TARGETED_DEVICE_FAMILY = "1,2";
			};
			name = Release;
		};
		9B848EED2888D515006694F9 /* Debug */ = {
			isa = XCBuildConfiguration;
			buildSettings = {
				BUNDLE_LOADER = "$(TEST_HOST)";
				CODE_SIGN_STYLE = Automatic;
				CURRENT_PROJECT_VERSION = 1;
				DEVELOPMENT_TEAM = JUG5Q2JKZC;
				GENERATE_INFOPLIST_FILE = YES;
				MARKETING_VERSION = 1.0;
				PRODUCT_BUNDLE_IDENTIFIER = "com.app.swift.Swift-BenkeyUnitTests";
				PRODUCT_NAME = "$(TARGET_NAME)";
				SWIFT_EMIT_LOC_STRINGS = NO;
				SWIFT_VERSION = 5.0;
				TARGETED_DEVICE_FAMILY = "1,2";
				TEST_HOST = "$(BUILT_PRODUCTS_DIR)/Swift_Benkey.app/Swift_Benkey";
			};
			name = Debug;
		};
		9B848EEE2888D515006694F9 /* Release */ = {
			isa = XCBuildConfiguration;
			buildSettings = {
				BUNDLE_LOADER = "$(TEST_HOST)";
				CODE_SIGN_STYLE = Automatic;
				CURRENT_PROJECT_VERSION = 1;
				DEVELOPMENT_TEAM = JUG5Q2JKZC;
				GENERATE_INFOPLIST_FILE = YES;
				MARKETING_VERSION = 1.0;
				PRODUCT_BUNDLE_IDENTIFIER = "com.app.swift.Swift-BenkeyUnitTests";
				PRODUCT_NAME = "$(TARGET_NAME)";
				SWIFT_EMIT_LOC_STRINGS = NO;
				SWIFT_VERSION = 5.0;
				TARGETED_DEVICE_FAMILY = "1,2";
				TEST_HOST = "$(BUILT_PRODUCTS_DIR)/Swift_Benkey.app/Swift_Benkey";
			};
			name = Release;
		};
/* End XCBuildConfiguration section */

/* Begin XCConfigurationList section */
		9B74E659287E7A8F00499668 /* Build configuration list for PBXProject "Swift_Benkey" */ = {
			isa = XCConfigurationList;
			buildConfigurations = (
				9B74E670287E7A9100499668 /* Debug */,
				9B74E671287E7A9100499668 /* Release */,
			);
			defaultConfigurationIsVisible = 0;
			defaultConfigurationName = Release;
		};
		9B74E672287E7A9100499668 /* Build configuration list for PBXNativeTarget "Swift_Benkey" */ = {
			isa = XCConfigurationList;
			buildConfigurations = (
				9B74E673287E7A9100499668 /* Debug */,
				9B74E674287E7A9100499668 /* Release */,
			);
			defaultConfigurationIsVisible = 0;
			defaultConfigurationName = Release;
		};
		9B848EEF2888D515006694F9 /* Build configuration list for PBXNativeTarget "Swift_BenkeyUnitTests" */ = {
			isa = XCConfigurationList;
			buildConfigurations = (
				9B848EED2888D515006694F9 /* Debug */,
				9B848EEE2888D515006694F9 /* Release */,
			);
			defaultConfigurationIsVisible = 0;
			defaultConfigurationName = Release;
		};
/* End XCConfigurationList section */
	};
	rootObject = 9B74E656287E7A8F00499668 /* Project object */;
}
